
Microsoft Visual Studio Solution File, Format Version 12.00
# Visual Studio 15
VisualStudioVersion = 15.0.28307.421
MinimumVisualStudioVersion = 10.0.40219.1
Project("{2150E333-8FDC-42A3-9474-1A3956D46DE8}") = "ClientSide", "ClientSide", "{048FD6F4-BD73-4CB9-929B-05A1147A15FE}"
EndProject
Project("{FAE04EC0-301F-11D3-BF4B-00C04F79EFBC}") = "CloudScriptApplier.Console", "CloudScriptApplier.Console\CloudScriptApplier.Console.csproj", "{E835F9A8-DB95-43BB-8FD0-98232470416C}"
EndProject
Project("{2150E333-8FDC-42A3-9474-1A3956D46DE8}") = "ServerSide", "ServerSide", "{41D339C5-6352-4BCE-BA83-0BA890955FF7}"
EndProject
Project("{FAE04EC0-301F-11D3-BF4B-00C04F79EFBC}") = "CloudScriptApplier.MegaCloud", "CloudScriptApplier.MegaCloud\CloudScriptApplier.MegaCloud.csproj", "{F2AF8B66-5E26-4CCB-ABEE-8EF45229668C}"
EndProject
Project("{FAE04EC0-301F-11D3-BF4B-00C04F79EFBC}") = "CloudScriptApplier.Db", "CloudScriptApplier.Db\CloudScriptApplier.Db.csproj", "{38695EA0-2FD4-4A14-A66F-CF8E0FF8E44C}"
EndProject
Project("{2150E333-8FDC-42A3-9474-1A3956D46DE8}") = "src", "src", "{64A088F1-DCF7-4E76-BE8D-FF3CD9B1378C}"
EndProject
Project("{FAE04EC0-301F-11D3-BF4B-00C04F79EFBC}") = "CloudScriptApplier.Common", "CloudScriptApplier.Common\CloudScriptApplier.Common.csproj", "{0F671E9E-FBB2-4407-A32F-24296B15133D}"
EndProject
Project("{2150E333-8FDC-42A3-9474-1A3956D46DE8}") = "Database", "Database", "{FD1C2204-7DD6-4CB3-8F77-4EDBC1F17F16}"
EndProject
Project("{00D1A9C2-B5F0-4AF3-8072-F6C62B433612}") = "ServerDatabase", "ServerDatabase\ServerDatabase.sqlproj", "{6EDCEB60-2381-4AAB-B5AC-D19A12C2A041}"
EndProject
Project("{FAE04EC0-301F-11D3-BF4B-00C04F79EFBC}") = "CloudScriptApplier.Manager", "CloudScriptApplier.Manager\CloudScriptApplier.Manager.csproj", "{B7A3382D-EB27-4DE6-B234-44B203A08FE7}"
EndProject
Global
	GlobalSection(SolutionConfigurationPlatforms) = preSolution
		Debug|Any CPU = Debug|Any CPU
		Release|Any CPU = Release|Any CPU
	EndGlobalSection
	GlobalSection(ProjectConfigurationPlatforms) = postSolution
		{E835F9A8-DB95-43BB-8FD0-98232470416C}.Debug|Any CPU.ActiveCfg = Debug|Any CPU
		{E835F9A8-DB95-43BB-8FD0-98232470416C}.Debug|Any CPU.Build.0 = Debug|Any CPU
		{E835F9A8-DB95-43BB-8FD0-98232470416C}.Release|Any CPU.ActiveCfg = Release|Any CPU
		{E835F9A8-DB95-43BB-8FD0-98232470416C}.Release|Any CPU.Build.0 = Release|Any CPU
		{F2AF8B66-5E26-4CCB-ABEE-8EF45229668C}.Debug|Any CPU.ActiveCfg = Debug|Any CPU
		{F2AF8B66-5E26-4CCB-ABEE-8EF45229668C}.Debug|Any CPU.Build.0 = Debug|Any CPU
		{F2AF8B66-5E26-4CCB-ABEE-8EF45229668C}.Release|Any CPU.ActiveCfg = Release|Any CPU
		{F2AF8B66-5E26-4CCB-ABEE-8EF45229668C}.Release|Any CPU.Build.0 = Release|Any CPU
		{38695EA0-2FD4-4A14-A66F-CF8E0FF8E44C}.Debug|Any CPU.ActiveCfg = Debug|Any CPU
		{38695EA0-2FD4-4A14-A66F-CF8E0FF8E44C}.Debug|Any CPU.Build.0 = Debug|Any CPU
		{38695EA0-2FD4-4A14-A66F-CF8E0FF8E44C}.Release|Any CPU.ActiveCfg = Release|Any CPU
		{38695EA0-2FD4-4A14-A66F-CF8E0FF8E44C}.Release|Any CPU.Build.0 = Release|Any CPU
		{0F671E9E-FBB2-4407-A32F-24296B15133D}.Debug|Any CPU.ActiveCfg = Debug|Any CPU
		{0F671E9E-FBB2-4407-A32F-24296B15133D}.Debug|Any CPU.Build.0 = Debug|Any CPU
		{0F671E9E-FBB2-4407-A32F-24296B15133D}.Release|Any CPU.ActiveCfg = Release|Any CPU
		{0F671E9E-FBB2-4407-A32F-24296B15133D}.Release|Any CPU.Build.0 = Release|Any CPU
		{6EDCEB60-2381-4AAB-B5AC-D19A12C2A041}.Debug|Any CPU.ActiveCfg = Debug|Any CPU
		{6EDCEB60-2381-4AAB-B5AC-D19A12C2A041}.Debug|Any CPU.Build.0 = Debug|Any CPU
		{6EDCEB60-2381-4AAB-B5AC-D19A12C2A041}.Debug|Any CPU.Deploy.0 = Debug|Any CPU
		{6EDCEB60-2381-4AAB-B5AC-D19A12C2A041}.Release|Any CPU.ActiveCfg = Release|Any CPU
		{6EDCEB60-2381-4AAB-B5AC-D19A12C2A041}.Release|Any CPU.Build.0 = Release|Any CPU
		{6EDCEB60-2381-4AAB-B5AC-D19A12C2A041}.Release|Any CPU.Deploy.0 = Release|Any CPU
		{B7A3382D-EB27-4DE6-B234-44B203A08FE7}.Debug|Any CPU.ActiveCfg = Debug|Any CPU
		{B7A3382D-EB27-4DE6-B234-44B203A08FE7}.Debug|Any CPU.Build.0 = Debug|Any CPU
		{B7A3382D-EB27-4DE6-B234-44B203A08FE7}.Release|Any CPU.ActiveCfg = Release|Any CPU
		{B7A3382D-EB27-4DE6-B234-44B203A08FE7}.Release|Any CPU.Build.0 = Release|Any CPU
	EndGlobalSection
	GlobalSection(SolutionProperties) = preSolution
		HideSolutionNode = FALSE
	EndGlobalSection
	GlobalSection(NestedProjects) = preSolution
		{E835F9A8-DB95-43BB-8FD0-98232470416C} = {048FD6F4-BD73-4CB9-929B-05A1147A15FE}
		{F2AF8B66-5E26-4CCB-ABEE-8EF45229668C} = {41D339C5-6352-4BCE-BA83-0BA890955FF7}
		{38695EA0-2FD4-4A14-A66F-CF8E0FF8E44C} = {048FD6F4-BD73-4CB9-929B-05A1147A15FE}
		{0F671E9E-FBB2-4407-A32F-24296B15133D} = {64A088F1-DCF7-4E76-BE8D-FF3CD9B1378C}
		{6EDCEB60-2381-4AAB-B5AC-D19A12C2A041} = {FD1C2204-7DD6-4CB3-8F77-4EDBC1F17F16}
		{B7A3382D-EB27-4DE6-B234-44B203A08FE7} = {41D339C5-6352-4BCE-BA83-0BA890955FF7}
	EndGlobalSection
	GlobalSection(ExtensibilityGlobals) = postSolution
		SolutionGuid = {F6367160-D960-4B20-8839-D7DDF35C6B4E}
	EndGlobalSection
EndGlobal
